<?xml version="1.0" encoding="utf-8"?>
<Project ToolsVersion="4.0" xmlns="http://schemas.microsoft.com/developer/msbuild/2003">
  <ItemGroup>
    <Filter Include="Source Files">
      <UniqueIdentifier>{4FC737F1-C7A5-4376-A066-2A32D752A2FF}</UniqueIdentifier>
      <Extensions>cpp;c;cc;cxx;def;odl;idl;hpj;bat;asm;asmx</Extensions>
    </Filter>
    <Filter Include="Header Files">
      <UniqueIdentifier>{93995380-89BD-4b04-88EB-625FBE52EBFB}</UniqueIdentifier>
      <Extensions>h;hh;hpp;hxx;hm;inl;inc;ipp;xsd</Extensions>
    </Filter>
    <Filter Include="Resource Files">
      <UniqueIdentifier>{67DA6AB6-F800-4c08-8B7A-83BB121AAD01}</UniqueIdentifier>
      <Extensions>rc;ico;cur;bmp;dlg;rc2;rct;bin;rgs;gif;jpg;jpeg;jpe;resx;tiff;tif;png;wav;mfcribbon-ms</Extensions>
    </Filter>
    <Filter Include="Source Files\Managers">
      <UniqueIdentifier>{8e53729c-3c09-4121-8b56-589eebdcdf59}</UniqueIdentifier>
    </Filter>
    <Filter Include="Source Files\Events">
      <UniqueIdentifier>{a882ce07-7d27-4a86-a669-9a2a43a60885}</UniqueIdentifier>
    </Filter>
    <Filter Include="Source Files\Utility">
      <UniqueIdentifier>{76c77d16-962f-4f1a-b563-be8484b61ce4}</UniqueIdentifier>
    </Filter>
    <Filter Include="Source Files\Rendering">
      <UniqueIdentifier>{e272c770-a746-412f-b632-b3c82639aa53}</UniqueIdentifier>
    </Filter>
    <Filter Include="Source Files\GameObject">
      <UniqueIdentifier>{6f2747a6-4dcb-4a89-9bc0-c6c83276deb1}</UniqueIdentifier>
    </Filter>
    <Filter Include="Source Files\GameObject\Base">
      <UniqueIdentifier>{e7748f05-a36b-43cb-9806-a23139118f25}</UniqueIdentifier>
    </Filter>
    <Filter Include="Source Files\GameObject\Components">
      <UniqueIdentifier>{331061ae-a81c-4584-9b3d-6fa4099c1597}</UniqueIdentifier>
    </Filter>
    <Filter Include="Source Files\Math">
      <UniqueIdentifier>{e850e1b0-3309-4133-89bc-7023b8d9d6c0}</UniqueIdentifier>
    </Filter>
    <Filter Include="Source Files\Math\Matrix">
      <UniqueIdentifier>{2f571e3e-2ca2-46fe-975f-1e40574e76de}</UniqueIdentifier>
    </Filter>
    <Filter Include="Source Files\Math\Vector">
      <UniqueIdentifier>{88e6905c-7389-496a-b6c1-20816a0eb715}</UniqueIdentifier>
    </Filter>
    <Filter Include="Source Files\Physics">
      <UniqueIdentifier>{9d4e021b-37c5-4f54-822d-10e0cdd8f496}</UniqueIdentifier>
    </Filter>
  </ItemGroup>
  <ItemGroup>
    <ClCompile Include="SOURCE\main.cpp">
      <Filter>Source Files</Filter>
    </ClCompile>
    <ClCompile Include="SOURCE\Stdafx.cpp">
      <Filter>Source Files</Filter>
    </ClCompile>
    <ClCompile Include="SOURCE\RenderManager.cpp">
      <Filter>Source Files\Managers</Filter>
    </ClCompile>
    <ClCompile Include="SOURCE\EventManager.cpp">
      <Filter>Source Files\Managers</Filter>
    </ClCompile>
    <ClCompile Include="SOURCE\SubscriberTracker.cpp">
      <Filter>Source Files\Events</Filter>
    </ClCompile>
    <ClCompile Include="SOURCE\Subscriber.cpp">
      <Filter>Source Files\Events</Filter>
    </ClCompile>
    <ClCompile Include="SOURCE\Event.cpp">
      <Filter>Source Files\Events</Filter>
    </ClCompile>
    <ClCompile Include="SOURCE\Mesh.cpp">
      <Filter>Source Files\Rendering</Filter>
    </ClCompile>
    <ClCompile Include="SOURCE\GameObject\ComponentFactory.cpp">
      <Filter>Source Files\GameObject\Base</Filter>
    </ClCompile>
    <ClCompile Include="SOURCE\GameObject\GameObject.cpp">
      <Filter>Source Files\GameObject\Base</Filter>
    </ClCompile>
    <ClCompile Include="SOURCE\GameObject\MeshComponent.cpp">
      <Filter>Source Files\GameObject\Components</Filter>
    </ClCompile>
    <ClCompile Include="SOURCE\GameObject\TransformComponent.cpp">
      <Filter>Source Files\GameObject\Components</Filter>
    </ClCompile>
    <ClCompile Include="SOURCE\GameObject\CameraComponent.cpp">
      <Filter>Source Files\GameObject\Components</Filter>
    </ClCompile>
    <ClCompile Include="SOURCE\Math\Matrix3x3.cpp">
      <Filter>Source Files\Math\Matrix</Filter>
    </ClCompile>
    <ClCompile Include="SOURCE\Math\Matrix4x4.cpp">
      <Filter>Source Files\Math\Matrix</Filter>
    </ClCompile>
    <ClCompile Include="SOURCE\Math\Matrix2x2.cpp">
      <Filter>Source Files\Math\Matrix</Filter>
    </ClCompile>
    <ClCompile Include="SOURCE\Math\Vector3D.cpp">
      <Filter>Source Files\Math\Vector</Filter>
    </ClCompile>
    <ClCompile Include="SOURCE\Math\Vector2D.cpp">
      <Filter>Source Files\Math\Vector</Filter>
    </ClCompile>
    <ClCompile Include="SOURCE\Math\MathFunctions.cpp">
      <Filter>Source Files\Math</Filter>
    </ClCompile>
    <ClCompile Include="SOURCE\GameObjectManager.cpp">
      <Filter>Source Files\Managers</Filter>
    </ClCompile>
    <ClCompile Include="SOURCE\ResourceManager.cpp">
      <Filter>Source Files\Managers</Filter>
    </ClCompile>
    <ClCompile Include="SOURCE\InputManager.cpp">
      <Filter>Source Files\Managers</Filter>
    </ClCompile>
    <ClCompile Include="SOURCE\GameStateManager.cpp">
      <Filter>Source Files\Managers</Filter>
    </ClCompile>
    <ClCompile Include="SOURCE\InfectAPI.cpp">
      <Filter>Source Files</Filter>
    </ClCompile>
    <ClCompile Include="SOURCE\FrameRateManager.cpp">
      <Filter>Source Files\Managers</Filter>
    </ClCompile>
    <ClCompile Include="SOURCE\GameConfig.cpp">
      <Filter>Source Files\Managers</Filter>
    </ClCompile>
    <ClCompile Include="SOURCE\JsonReader.cpp">
      <Filter>Source Files\Utility</Filter>
    </ClCompile>
    <ClCompile Include="SOURCE\Physics\particle.cpp">
      <Filter>Source Files\Physics</Filter>
    </ClCompile>
    <ClCompile Include="SOURCE\Physics\physics_math.cpp">
      <Filter>Source Files\Physics</Filter>
    </ClCompile>
  </ItemGroup>
  <ItemGroup>
    <ClInclude Include="SOURCE\Stdafx.h">
      <Filter>Source Files</Filter>
    </ClInclude>
    <ClInclude Include="SOURCE\RenderManager.h">
      <Filter>Source Files\Managers</Filter>
    </ClInclude>
    <ClInclude Include="SOURCE\EventManager.h">
      <Filter>Source Files\Managers</Filter>
    </ClInclude>
    <ClInclude Include="SOURCE\SubscriberTracker.h">
      <Filter>Source Files\Events</Filter>
    </ClInclude>
    <ClInclude Include="SOURCE\Subscriber.h">
      <Filter>Source Files\Events</Filter>
    </ClInclude>
    <ClInclude Include="SOURCE\Global.h">
      <Filter>Source Files</Filter>
    </ClInclude>
    <ClInclude Include="SOURCE\Singleton.h">
      <Filter>Source Files\Utility</Filter>
    </ClInclude>
    <ClInclude Include="SOURCE\Event.h">
      <Filter>Source Files\Events</Filter>
    </ClInclude>
    <ClInclude Include="SOURCE\Mesh.h">
      <Filter>Source Files\Rendering</Filter>
    </ClInclude>
    <ClInclude Include="SOURCE\Face.h">
      <Filter>Source Files\Rendering</Filter>
    </ClInclude>
    <ClInclude Include="SOURCE\GameObject\Component.h">
      <Filter>Source Files\GameObject\Base</Filter>
    </ClInclude>
    <ClInclude Include="SOURCE\GameObject\ComponentFactory.h">
      <Filter>Source Files\GameObject\Base</Filter>
    </ClInclude>
    <ClInclude Include="SOURCE\GameObject\ComponentTypes.h">
      <Filter>Source Files\GameObject\Base</Filter>
    </ClInclude>
    <ClInclude Include="SOURCE\GameObject\ComponentTypesNames.h">
      <Filter>Source Files\GameObject\Base</Filter>
    </ClInclude>
    <ClInclude Include="SOURCE\GameObject\GameObjectTags.h">
      <Filter>Source Files\GameObject\Base</Filter>
    </ClInclude>
    <ClInclude Include="SOURCE\GameObject\TagNames.h">
      <Filter>Source Files\GameObject\Base</Filter>
    </ClInclude>
    <ClInclude Include="SOURCE\GameObject\GameObject.h">
      <Filter>Source Files\GameObject\Base</Filter>
    </ClInclude>
    <ClInclude Include="SOURCE\GameObject\MeshComponent.h">
      <Filter>Source Files\GameObject\Components</Filter>
    </ClInclude>
    <ClInclude Include="SOURCE\GameObject\CameraComponent.h">
      <Filter>Source Files\GameObject\Components</Filter>
    </ClInclude>
    <ClInclude Include="SOURCE\GameObject\TransformComponent.h">
      <Filter>Source Files\GameObject\Components</Filter>
    </ClInclude>
    <ClInclude Include="SOURCE\GameObject\RenderableComponent.h">
      <Filter>Source Files\GameObject\Components</Filter>
    </ClInclude>
    <ClInclude Include="SOURCE\Math\Matrix3x3.h">
      <Filter>Source Files\Math\Matrix</Filter>
    </ClInclude>
    <ClInclude Include="SOURCE\Math\Matrix4x4.h">
      <Filter>Source Files\Math\Matrix</Filter>
    </ClInclude>
    <ClInclude Include="SOURCE\Math\Matrix2x2.h">
      <Filter>Source Files\Math\Matrix</Filter>
    </ClInclude>
    <ClInclude Include="SOURCE\Math\Vector2D.h">
      <Filter>Source Files\Math\Vector</Filter>
    </ClInclude>
    <ClInclude Include="SOURCE\Math\Vector3D.h">
      <Filter>Source Files\Math\Vector</Filter>
    </ClInclude>
    <ClInclude Include="SOURCE\Math\MathFunctions.h">
      <Filter>Source Files\Math</Filter>
    </ClInclude>
    <ClInclude Include="SOURCE\Math\MathDefs.h">
      <Filter>Source Files\Math</Filter>
    </ClInclude>
    <ClInclude Include="SOURCE\GameObjectManager.h">
      <Filter>Source Files\Managers</Filter>
    </ClInclude>
    <ClInclude Include="SOURCE\ResourceManager.h">
      <Filter>Source Files\Managers</Filter>
    </ClInclude>
    <ClInclude Include="SOURCE\InputManager.h">
      <Filter>Source Files\Managers</Filter>
    </ClInclude>
    <ClInclude Include="SOURCE\GameStateManager.h">
      <Filter>Source Files\Managers</Filter>
    </ClInclude>
    <ClInclude Include="SOURCE\InfectAPI.h">
      <Filter>Source Files</Filter>
    </ClInclude>
    <ClInclude Include="SOURCE\FrameRateManager.h">
      <Filter>Source Files\Managers</Filter>
    </ClInclude>
    <ClInclude Include="SOURCE\GameConfig.h">
      <Filter>Source Files\Managers</Filter>
    </ClInclude>
    <ClInclude Include="SOURCE\JsonReader.h">
      <Filter>Source Files\Utility</Filter>
    </ClInclude>
    <ClInclude Include="SOURCE\Sorting.h">
      <Filter>Source Files\Utility</Filter>
    </ClInclude>
    <ClInclude Include="SOURCE\Physics\global.h">
      <Filter>Source Files\Physics</Filter>
    </ClInclude>
    <ClInclude Include="SOURCE\Physics\particle.h">
      <Filter>Source Files\Physics</Filter>
    </ClInclude>
    <ClInclude Include="SOURCE\Physics\physics_math.h">
      <Filter>Source Files\Physics</Filter>
    </ClInclude>
  </ItemGroup>
</Project>